
Microsoft Visual Studio Solution File, Format Version 12.00
# Visual Studio 15
VisualStudioVersion = 15.0.28307.489
MinimumVisualStudioVersion = 10.0.40219.1
Project("{FAE04EC0-301F-11D3-BF4B-00C04F79EFBC}") = "Adrian Spreadsheet", "Adrian Spreadsheet\Adrian Spreadsheet.csproj", "{4E283124-5746-4174-A7A2-9C424B4C5952}"
EndProject
Global
	GlobalSection(SolutionConfigurationPlatforms) = preSolution
		Debug|Any CPU = Debug|Any CPU
		Release|Any CPU = Release|Any CPU
	EndGlobalSection
	GlobalSection(ProjectConfigurationPlatforms) = postSolution
		{4E283124-5746-4174-A7A2-9C424B4C5952}.Debug|Any CPU.ActiveCfg = Debug|Any CPU
		{4E283124-5746-4174-A7A2-9C424B4C5952}.Debug|Any CPU.Build.0 = Debug|Any CPU
		{4E283124-5746-4174-A7A2-9C424B4C5952}.Release|Any CPU.ActiveCfg = Release|Any CPU
		{4E283124-5746-4174-A7A2-9C424B4C5952}.Release|Any CPU.Build.0 = Release|Any CPU
	EndGlobalSection
	GlobalSection(SolutionProperties) = preSolution
		HideSolutionNode = FALSE
	EndGlobalSection
	GlobalSection(ExtensibilityGlobals) = postSolution
		SolutionGuid = {360727F5-F9EA-4D5B-8109-8324505DF712}
	EndGlobalSection
EndGlobal
